// !$*UTF8*$!
{
	archiveVersion = 1;
	classes = {
	};
	objectVersion = 46;
	objects = {

/* Begin PBXBuildFile section */
		AA1E100C24615A65002BAD29 /* PorklikeMusic.cpp in Sources */ = {isa = PBXBuildFile; fileRef = AA1E100A24615A65002BAD29 /* PorklikeMusic.cpp */; };
		AA1E10112461BA14002BAD29 /* WintergolfMusic.cpp in Sources */ = {isa = PBXBuildFile; fileRef = AA1E100F2461BA14002BAD29 /* WintergolfMusic.cpp */; };
		AA1E10152465E787002BAD29 /* BubbleBobbleMusic.cpp in Sources */ = {isa = PBXBuildFile; fileRef = AA1E10132465E787002BAD29 /* BubbleBobbleMusic.cpp */; };
		AA1E101A2466EDF2002BAD29 /* SweetBunsMusic.cpp in Sources */ = {isa = PBXBuildFile; fileRef = AA1E10182466EDF2002BAD29 /* SweetBunsMusic.cpp */; };
		AA1E101F24672A19002BAD29 /* TuEdictMusic.cpp in Sources */ = {isa = PBXBuildFile; fileRef = AA1E101D24672A19002BAD29 /* TuEdictMusic.cpp */; };
		AA21A1C12438A837004DD190 /* Music.cpp in Sources */ = {isa = PBXBuildFile; fileRef = AA21A1BF2438A837004DD190 /* Music.cpp */; };
		AA21A1C4243917C8004DD190 /* wav.c in Sources */ = {isa = PBXBuildFile; fileRef = AA21A1C2243917C8004DD190 /* wav.c */; };
		AA21A1D324424970004DD190 /* WavGeneration.cpp in Sources */ = {isa = PBXBuildFile; fileRef = AA21A1D124424970004DD190 /* WavGeneration.cpp */; };
		AA21A1D9244C74C2004DD190 /* TheLairMusic.cpp in Sources */ = {isa = PBXBuildFile; fileRef = AA21A1D7244C74C2004DD190 /* TheLairMusic.cpp */; };
		AA21A1DE244CD23F004DD190 /* BumbleBotsMusic.cpp in Sources */ = {isa = PBXBuildFile; fileRef = AA21A1DB244CD23F004DD190 /* BumbleBotsMusic.cpp */; };
		AA21A1E8244E2A5F004DD190 /* NeonMusic.cpp in Sources */ = {isa = PBXBuildFile; fileRef = AA21A1E6244E2A5F004DD190 /* NeonMusic.cpp */; };
		AA358D782453517100985177 /* AlexKiddMusic.cpp in Sources */ = {isa = PBXBuildFile; fileRef = AA358D762453517100985177 /* AlexKiddMusic.cpp */; };
		AA358D7D2453797900985177 /* RockForMetalMusic.cpp in Sources */ = {isa = PBXBuildFile; fileRef = AA358D7B2453797900985177 /* RockForMetalMusic.cpp */; };
		AA358D7F24543F4100985177 /* main.cpp in Sources */ = {isa = PBXBuildFile; fileRef = AA358D7E24543F4100985177 /* main.cpp */; };
/* End PBXBuildFile section */

/* Begin PBXCopyFilesBuildPhase section */
		AA21A1B32438A752004DD190 /* CopyFiles */ = {
			isa = PBXCopyFilesBuildPhase;
			buildActionMask = 2147483647;
			dstPath = /usr/share/man/man1/;
			dstSubfolderSpec = 0;
			files = (
			);
			runOnlyForDeploymentPostprocessing = 1;
		};
/* End PBXCopyFilesBuildPhase section */

/* Begin PBXFileReference section */
		AA1E100824615A20002BAD29 /* PorklikeMusic-Generated.cpp */ = {isa = PBXFileReference; fileEncoding = 4; lastKnownFileType = sourcecode.cpp.cpp; name = "PorklikeMusic-Generated.cpp"; path = "Songs/PorklikeMusic-Generated.cpp"; sourceTree = "<group>"; };
		AA1E100A24615A65002BAD29 /* PorklikeMusic.cpp */ = {isa = PBXFileReference; lastKnownFileType = sourcecode.cpp.cpp; name = PorklikeMusic.cpp; path = Songs/PorklikeMusic.cpp; sourceTree = "<group>"; };
		AA1E100B24615A65002BAD29 /* PorklikeMusic.h */ = {isa = PBXFileReference; lastKnownFileType = sourcecode.c.h; name = PorklikeMusic.h; path = Songs/PorklikeMusic.h; sourceTree = "<group>"; };
		AA1E100D2461B99E002BAD29 /* WintergolfMusic-Generated.cpp */ = {isa = PBXFileReference; fileEncoding = 4; lastKnownFileType = sourcecode.cpp.cpp; name = "WintergolfMusic-Generated.cpp"; path = "Songs/WintergolfMusic-Generated.cpp"; sourceTree = "<group>"; };
		AA1E100F2461BA14002BAD29 /* WintergolfMusic.cpp */ = {isa = PBXFileReference; lastKnownFileType = sourcecode.cpp.cpp; name = WintergolfMusic.cpp; path = Songs/WintergolfMusic.cpp; sourceTree = "<group>"; };
		AA1E10102461BA14002BAD29 /* WintergolfMusic.h */ = {isa = PBXFileReference; lastKnownFileType = sourcecode.c.h; name = WintergolfMusic.h; path = Songs/WintergolfMusic.h; sourceTree = "<group>"; };
		AA1E10122465E754002BAD29 /* BubbleBobbleMusic-Generated.cpp */ = {isa = PBXFileReference; lastKnownFileType = sourcecode.cpp.cpp; name = "BubbleBobbleMusic-Generated.cpp"; path = "Songs/BubbleBobbleMusic-Generated.cpp"; sourceTree = "<group>"; };
		AA1E10132465E787002BAD29 /* BubbleBobbleMusic.cpp */ = {isa = PBXFileReference; lastKnownFileType = sourcecode.cpp.cpp; name = BubbleBobbleMusic.cpp; path = Songs/BubbleBobbleMusic.cpp; sourceTree = "<group>"; };
		AA1E10142465E787002BAD29 /* BubbleBobbleMusic.h */ = {isa = PBXFileReference; lastKnownFileType = sourcecode.c.h; name = BubbleBobbleMusic.h; path = Songs/BubbleBobbleMusic.h; sourceTree = "<group>"; };
		AA1E10162466EDC8002BAD29 /* SweetBunsMusic-Generated.cpp */ = {isa = PBXFileReference; fileEncoding = 4; lastKnownFileType = sourcecode.cpp.cpp; name = "SweetBunsMusic-Generated.cpp"; path = "Songs/SweetBunsMusic-Generated.cpp"; sourceTree = "<group>"; };
		AA1E10182466EDF2002BAD29 /* SweetBunsMusic.cpp */ = {isa = PBXFileReference; lastKnownFileType = sourcecode.cpp.cpp; name = SweetBunsMusic.cpp; path = Songs/SweetBunsMusic.cpp; sourceTree = "<group>"; };
		AA1E10192466EDF2002BAD29 /* SweetBunsMusic.h */ = {isa = PBXFileReference; lastKnownFileType = sourcecode.c.h; name = SweetBunsMusic.h; path = Songs/SweetBunsMusic.h; sourceTree = "<group>"; };
		AA1E101B246729D6002BAD29 /* TuEdictMusic-Generated.cpp */ = {isa = PBXFileReference; fileEncoding = 4; lastKnownFileType = sourcecode.cpp.cpp; name = "TuEdictMusic-Generated.cpp"; path = "Songs/TuEdictMusic-Generated.cpp"; sourceTree = "<group>"; };
		AA1E101D24672A19002BAD29 /* TuEdictMusic.cpp */ = {isa = PBXFileReference; lastKnownFileType = sourcecode.cpp.cpp; name = TuEdictMusic.cpp; path = Songs/TuEdictMusic.cpp; sourceTree = "<group>"; };
		AA1E101E24672A19002BAD29 /* TuEdictMusic.h */ = {isa = PBXFileReference; lastKnownFileType = sourcecode.c.h; name = TuEdictMusic.h; path = Songs/TuEdictMusic.h; sourceTree = "<group>"; };
		AA21A1B52438A752004DD190 /* MusicGB */ = {isa = PBXFileReference; explicitFileType = "compiled.mach-o.executable"; includeInIndex = 0; path = MusicGB; sourceTree = BUILT_PRODUCTS_DIR; };
		AA21A1BF2438A837004DD190 /* Music.cpp */ = {isa = PBXFileReference; fileEncoding = 4; lastKnownFileType = sourcecode.cpp.cpp; path = Music.cpp; sourceTree = "<group>"; };
		AA21A1C02438A837004DD190 /* Music.h */ = {isa = PBXFileReference; fileEncoding = 4; lastKnownFileType = sourcecode.c.h; path = Music.h; sourceTree = "<group>"; };
		AA21A1C2243917C8004DD190 /* wav.c */ = {isa = PBXFileReference; fileEncoding = 4; lastKnownFileType = sourcecode.c.c; path = wav.c; sourceTree = "<group>"; };
		AA21A1C3243917C8004DD190 /* wav.h */ = {isa = PBXFileReference; fileEncoding = 4; lastKnownFileType = sourcecode.c.h; path = wav.h; sourceTree = "<group>"; };
		AA21A1D124424970004DD190 /* WavGeneration.cpp */ = {isa = PBXFileReference; fileEncoding = 4; lastKnownFileType = sourcecode.cpp.cpp; path = WavGeneration.cpp; sourceTree = "<group>"; };
		AA21A1D224424970004DD190 /* WavGeneration.h */ = {isa = PBXFileReference; fileEncoding = 4; lastKnownFileType = sourcecode.c.h; path = WavGeneration.h; sourceTree = "<group>"; };
		AA21A1D4244C7452004DD190 /* TheLairMusic-Generated.cpp */ = {isa = PBXFileReference; fileEncoding = 4; lastKnownFileType = sourcecode.cpp.cpp; name = "TheLairMusic-Generated.cpp"; path = "Songs/TheLairMusic-Generated.cpp"; sourceTree = "<group>"; };
		AA21A1D7244C74C2004DD190 /* TheLairMusic.cpp */ = {isa = PBXFileReference; fileEncoding = 4; lastKnownFileType = sourcecode.cpp.cpp; name = TheLairMusic.cpp; path = Songs/TheLairMusic.cpp; sourceTree = "<group>"; };
		AA21A1D8244C74C2004DD190 /* TheLairMusic.h */ = {isa = PBXFileReference; fileEncoding = 4; lastKnownFileType = sourcecode.c.h; name = TheLairMusic.h; path = Songs/TheLairMusic.h; sourceTree = "<group>"; };
		AA21A1DA244CD23F004DD190 /* BumbleBotsMusic-Generated.cpp */ = {isa = PBXFileReference; fileEncoding = 4; lastKnownFileType = sourcecode.cpp.cpp; name = "BumbleBotsMusic-Generated.cpp"; path = "Songs/BumbleBotsMusic-Generated.cpp"; sourceTree = "<group>"; };
		AA21A1DB244CD23F004DD190 /* BumbleBotsMusic.cpp */ = {isa = PBXFileReference; fileEncoding = 4; lastKnownFileType = sourcecode.cpp.cpp; name = BumbleBotsMusic.cpp; path = Songs/BumbleBotsMusic.cpp; sourceTree = "<group>"; };
		AA21A1DC244CD23F004DD190 /* BumbleBotsMusic.h */ = {isa = PBXFileReference; fileEncoding = 4; lastKnownFileType = sourcecode.c.h; name = BumbleBotsMusic.h; path = Songs/BumbleBotsMusic.h; sourceTree = "<group>"; };
		AA21A1E4244E2954004DD190 /* NeonMusic-Generated.cpp */ = {isa = PBXFileReference; fileEncoding = 4; lastKnownFileType = sourcecode.cpp.cpp; name = "NeonMusic-Generated.cpp"; path = "Songs/NeonMusic-Generated.cpp"; sourceTree = "<group>"; };
		AA21A1E6244E2A5F004DD190 /* NeonMusic.cpp */ = {isa = PBXFileReference; fileEncoding = 4; lastKnownFileType = sourcecode.cpp.cpp; name = NeonMusic.cpp; path = Songs/NeonMusic.cpp; sourceTree = "<group>"; };
		AA21A1E7244E2A5F004DD190 /* NeonMusic.h */ = {isa = PBXFileReference; fileEncoding = 4; lastKnownFileType = sourcecode.c.h; name = NeonMusic.h; path = Songs/NeonMusic.h; sourceTree = "<group>"; };
		AA21A1EE244F7F60004DD190 /* AlexKiddMusic-Generated.cpp */ = {isa = PBXFileReference; fileEncoding = 4; lastKnownFileType = sourcecode.cpp.cpp; name = "AlexKiddMusic-Generated.cpp"; path = "Songs/AlexKiddMusic-Generated.cpp"; sourceTree = "<group>"; };
		AA358D762453517100985177 /* AlexKiddMusic.cpp */ = {isa = PBXFileReference; fileEncoding = 4; lastKnownFileType = sourcecode.cpp.cpp; name = AlexKiddMusic.cpp; path = Songs/AlexKiddMusic.cpp; sourceTree = "<group>"; };
		AA358D772453517100985177 /* AlexKiddMusic.h */ = {isa = PBXFileReference; fileEncoding = 4; lastKnownFileType = sourcecode.c.h; name = AlexKiddMusic.h; path = Songs/AlexKiddMusic.h; sourceTree = "<group>"; };
		AA358D792453794000985177 /* RockForMetalMusic-Generated.cpp */ = {isa = PBXFileReference; fileEncoding = 4; lastKnownFileType = sourcecode.cpp.cpp; name = "RockForMetalMusic-Generated.cpp"; path = "Songs/RockForMetalMusic-Generated.cpp"; sourceTree = "<group>"; };
		AA358D7B2453797900985177 /* RockForMetalMusic.cpp */ = {isa = PBXFileReference; fileEncoding = 4; lastKnownFileType = sourcecode.cpp.cpp; name = RockForMetalMusic.cpp; path = Songs/RockForMetalMusic.cpp; sourceTree = "<group>"; };
		AA358D7C2453797900985177 /* RockForMetalMusic.h */ = {isa = PBXFileReference; fileEncoding = 4; lastKnownFileType = sourcecode.c.h; name = RockForMetalMusic.h; path = Songs/RockForMetalMusic.h; sourceTree = "<group>"; };
		AA358D7E24543F4100985177 /* main.cpp */ = {isa = PBXFileReference; fileEncoding = 4; lastKnownFileType = sourcecode.cpp.cpp; path = main.cpp; sourceTree = "<group>"; };
/* End PBXFileReference section */

/* Begin PBXFrameworksBuildPhase section */
		AA21A1B22438A752004DD190 /* Frameworks */ = {
			isa = PBXFrameworksBuildPhase;
			buildActionMask = 2147483647;
			files = (
			);
			runOnlyForDeploymentPostprocessing = 0;
		};
/* End PBXFrameworksBuildPhase section */

/* Begin PBXGroup section */
		AA21A1AC2438A752004DD190 = {
			isa = PBXGroup;
			children = (
				AA21A1B72438A752004DD190 /* MusicGB */,
				AA21A1B62438A752004DD190 /* Products */,
			);
			sourceTree = "<group>";
		};
		AA21A1B62438A752004DD190 /* Products */ = {
			isa = PBXGroup;
			children = (
				AA21A1B52438A752004DD190 /* MusicGB */,
			);
			name = Products;
			sourceTree = "<group>";
		};
		AA21A1B72438A752004DD190 /* MusicGB */ = {
			isa = PBXGroup;
			children = (
				AA21A1D6244C7490004DD190 /* Songs */,
				AA21A1C2243917C8004DD190 /* wav.c */,
				AA21A1C3243917C8004DD190 /* wav.h */,
				AA358D7E24543F4100985177 /* main.cpp */,
				AA21A1BF2438A837004DD190 /* Music.cpp */,
				AA21A1C02438A837004DD190 /* Music.h */,
				AA21A1D124424970004DD190 /* WavGeneration.cpp */,
				AA21A1D224424970004DD190 /* WavGeneration.h */,
			);
			path = MusicGB;
			sourceTree = "<group>";
		};
		AA21A1D6244C7490004DD190 /* Songs */ = {
			isa = PBXGroup;
			children = (
				AA21A1EE244F7F60004DD190 /* AlexKiddMusic-Generated.cpp */,
				AA358D762453517100985177 /* AlexKiddMusic.cpp */,
				AA358D772453517100985177 /* AlexKiddMusic.h */,
				AA1E10122465E754002BAD29 /* BubbleBobbleMusic-Generated.cpp */,
				AA1E10132465E787002BAD29 /* BubbleBobbleMusic.cpp */,
				AA1E10142465E787002BAD29 /* BubbleBobbleMusic.h */,
				AA21A1DA244CD23F004DD190 /* BumbleBotsMusic-Generated.cpp */,
				AA21A1DB244CD23F004DD190 /* BumbleBotsMusic.cpp */,
				AA21A1DC244CD23F004DD190 /* BumbleBotsMusic.h */,
				AA21A1E4244E2954004DD190 /* NeonMusic-Generated.cpp */,
				AA21A1E6244E2A5F004DD190 /* NeonMusic.cpp */,
				AA21A1E7244E2A5F004DD190 /* NeonMusic.h */,
				AA1E100824615A20002BAD29 /* PorklikeMusic-Generated.cpp */,
				AA1E100A24615A65002BAD29 /* PorklikeMusic.cpp */,
				AA1E100B24615A65002BAD29 /* PorklikeMusic.h */,
				AA358D792453794000985177 /* RockForMetalMusic-Generated.cpp */,
				AA358D7B2453797900985177 /* RockForMetalMusic.cpp */,
				AA358D7C2453797900985177 /* RockForMetalMusic.h */,
				AA1E10162466EDC8002BAD29 /* SweetBunsMusic-Generated.cpp */,
				AA1E10182466EDF2002BAD29 /* SweetBunsMusic.cpp */,
				AA1E10192466EDF2002BAD29 /* SweetBunsMusic.h */,
				AA21A1D4244C7452004DD190 /* TheLairMusic-Generated.cpp */,
				AA21A1D7244C74C2004DD190 /* TheLairMusic.cpp */,
				AA21A1D8244C74C2004DD190 /* TheLairMusic.h */,
				AA1E101B246729D6002BAD29 /* TuEdictMusic-Generated.cpp */,
				AA1E101D24672A19002BAD29 /* TuEdictMusic.cpp */,
				AA1E101E24672A19002BAD29 /* TuEdictMusic.h */,
				AA1E100D2461B99E002BAD29 /* WintergolfMusic-Generated.cpp */,
				AA1E100F2461BA14002BAD29 /* WintergolfMusic.cpp */,
				AA1E10102461BA14002BAD29 /* WintergolfMusic.h */,
			);
			name = Songs;
			sourceTree = "<group>";
		};
/* End PBXGroup section */

/* Begin PBXNativeTarget section */
		AA21A1B42438A752004DD190 /* MusicGB */ = {
			isa = PBXNativeTarget;
			buildConfigurationList = AA21A1BC2438A752004DD190 /* Build configuration list for PBXNativeTarget "MusicGB" */;
			buildPhases = (
				AA21A1B12438A752004DD190 /* Sources */,
				AA21A1B22438A752004DD190 /* Frameworks */,
				AA21A1B32438A752004DD190 /* CopyFiles */,
			);
			buildRules = (
			);
			dependencies = (
			);
			name = MusicGB;
			productName = MusicGB;
			productReference = AA21A1B52438A752004DD190 /* MusicGB */;
			productType = "com.apple.product-type.tool";
		};
/* End PBXNativeTarget section */

/* Begin PBXProject section */
		AA21A1AD2438A752004DD190 /* Project object */ = {
			isa = PBXProject;
			attributes = {
				LastUpgradeCheck = 1140;
				ORGANIZATIONNAME = Erwin;
				TargetAttributes = {
					AA21A1B42438A752004DD190 = {
						CreatedOnToolsVersion = 8.2.1;
						ProvisioningStyle = Automatic;
					};
				};
			};
			buildConfigurationList = AA21A1B02438A752004DD190 /* Build configuration list for PBXProject "MusicGB" */;
			compatibilityVersion = "Xcode 3.2";
			developmentRegion = en;
			hasScannedForEncodings = 0;
			knownRegions = (
				en,
				Base,
			);
			mainGroup = AA21A1AC2438A752004DD190;
			productRefGroup = AA21A1B62438A752004DD190 /* Products */;
			projectDirPath = "";
			projectRoot = "";
			targets = (
				AA21A1B42438A752004DD190 /* MusicGB */,
			);
		};
/* End PBXProject section */

/* Begin PBXSourcesBuildPhase section */
		AA21A1B12438A752004DD190 /* Sources */ = {
			isa = PBXSourcesBuildPhase;
			buildActionMask = 2147483647;
			files = (
				AA1E100C24615A65002BAD29 /* PorklikeMusic.cpp in Sources */,
				AA1E101A2466EDF2002BAD29 /* SweetBunsMusic.cpp in Sources */,
				AA358D7D2453797900985177 /* RockForMetalMusic.cpp in Sources */,
				AA21A1C4243917C8004DD190 /* wav.c in Sources */,
				AA1E101F24672A19002BAD29 /* TuEdictMusic.cpp in Sources */,
				AA21A1D9244C74C2004DD190 /* TheLairMusic.cpp in Sources */,
				AA358D7F24543F4100985177 /* main.cpp in Sources */,
				AA21A1C12438A837004DD190 /* Music.cpp in Sources */,
				AA21A1D324424970004DD190 /* WavGeneration.cpp in Sources */,
				AA21A1DE244CD23F004DD190 /* BumbleBotsMusic.cpp in Sources */,
				AA1E10112461BA14002BAD29 /* WintergolfMusic.cpp in Sources */,
				AA21A1E8244E2A5F004DD190 /* NeonMusic.cpp in Sources */,
				AA358D782453517100985177 /* AlexKiddMusic.cpp in Sources */,
				AA1E10152465E787002BAD29 /* BubbleBobbleMusic.cpp in Sources */,
			);
			runOnlyForDeploymentPostprocessing = 0;
		};
/* End PBXSourcesBuildPhase section */

/* Begin XCBuildConfiguration section */
		AA21A1BA2438A752004DD190 /* Debug */ = {
			isa = XCBuildConfiguration;
			buildSettings = {
				ALWAYS_SEARCH_USER_PATHS = NO;
				CLANG_ANALYZER_LOCALIZABILITY_NONLOCALIZED = YES;
				CLANG_ANALYZER_NONNULL = YES;
				CLANG_CXX_LANGUAGE_STANDARD = "gnu++0x";
				CLANG_CXX_LIBRARY = "libc++";
				CLANG_ENABLE_MODULES = YES;
				CLANG_ENABLE_OBJC_ARC = YES;
				CLANG_WARN_BLOCK_CAPTURE_AUTORELEASING = YES;
				CLANG_WARN_BOOL_CONVERSION = YES;
				CLANG_WARN_COMMA = YES;
				CLANG_WARN_CONSTANT_CONVERSION = YES;
				CLANG_WARN_DEPRECATED_OBJC_IMPLEMENTATIONS = YES;
				CLANG_WARN_DIRECT_OBJC_ISA_USAGE = YES_ERROR;
				CLANG_WARN_DOCUMENTATION_COMMENTS = YES;
				CLANG_WARN_EMPTY_BODY = YES;
				CLANG_WARN_ENUM_CONVERSION = YES;
				CLANG_WARN_INFINITE_RECURSION = YES;
				CLANG_WARN_INT_CONVERSION = YES;
				CLANG_WARN_NON_LITERAL_NULL_CONVERSION = YES;
				CLANG_WARN_OBJC_IMPLICIT_RETAIN_SELF = YES;
				CLANG_WARN_OBJC_LITERAL_CONVERSION = YES;
				CLANG_WARN_OBJC_ROOT_CLASS = YES_ERROR;
				CLANG_WARN_RANGE_LOOP_ANALYSIS = YES;
				CLANG_WARN_STRICT_PROTOTYPES = YES;
				CLANG_WARN_SUSPICIOUS_MOVE = YES;
				CLANG_WARN_UNREACHABLE_CODE = YES;
				CLANG_WARN__DUPLICATE_METHOD_MATCH = YES;
				CODE_SIGN_IDENTITY = "-";
				COPY_PHASE_STRIP = NO;
				DEBUG_INFORMATION_FORMAT = dwarf;
				ENABLE_STRICT_OBJC_MSGSEND = YES;
				ENABLE_TESTABILITY = YES;
				GCC_C_LANGUAGE_STANDARD = gnu99;
				GCC_DYNAMIC_NO_PIC = NO;
				GCC_NO_COMMON_BLOCKS = YES;
				GCC_OPTIMIZATION_LEVEL = 0;
				GCC_PREPROCESSOR_DEFINITIONS = (
					"DEBUG=1",
					"$(inherited)",
				);
				GCC_WARN_64_TO_32_BIT_CONVERSION = YES;
				GCC_WARN_ABOUT_RETURN_TYPE = YES_ERROR;
				GCC_WARN_UNDECLARED_SELECTOR = YES;
				GCC_WARN_UNINITIALIZED_AUTOS = YES_AGGRESSIVE;
				GCC_WARN_UNUSED_FUNCTION = YES;
				GCC_WARN_UNUSED_VARIABLE = YES;
				MACOSX_DEPLOYMENT_TARGET = 10.13;
				MTL_ENABLE_DEBUG_INFO = YES;
				ONLY_ACTIVE_ARCH = YES;
				SDKROOT = macosx;
			};
			name = Debug;
		};
		AA21A1BB2438A752004DD190 /* Release */ = {
			isa = XCBuildConfiguration;
			buildSettings = {
				ALWAYS_SEARCH_USER_PATHS = NO;
				CLANG_ANALYZER_LOCALIZABILITY_NONLOCALIZED = YES;
				CLANG_ANALYZER_NONNULL = YES;
				CLANG_CXX_LANGUAGE_STANDARD = "gnu++0x";
				CLANG_CXX_LIBRARY = "libc++";
				CLANG_ENABLE_MODULES = YES;
				CLANG_ENABLE_OBJC_ARC = YES;
				CLANG_WARN_BLOCK_CAPTURE_AUTORELEASING = YES;
				CLANG_WARN_BOOL_CONVERSION = YES;
				CLANG_WARN_COMMA = YES;
				CLANG_WARN_CONSTANT_CONVERSION = YES;
				CLANG_WARN_DEPRECATED_OBJC_IMPLEMENTATIONS = YES;
				CLANG_WARN_DIRECT_OBJC_ISA_USAGE = YES_ERROR;
				CLANG_WARN_DOCUMENTATION_COMMENTS = YES;
				CLANG_WARN_EMPTY_BODY = YES;
				CLANG_WARN_ENUM_CONVERSION = YES;
				CLANG_WARN_INFINITE_RECURSION = YES;
				CLANG_WARN_INT_CONVERSION = YES;
				CLANG_WARN_NON_LITERAL_NULL_CONVERSION = YES;
				CLANG_WARN_OBJC_IMPLICIT_RETAIN_SELF = YES;
				CLANG_WARN_OBJC_LITERAL_CONVERSION = YES;
				CLANG_WARN_OBJC_ROOT_CLASS = YES_ERROR;
				CLANG_WARN_RANGE_LOOP_ANALYSIS = YES;
				CLANG_WARN_STRICT_PROTOTYPES = YES;
				CLANG_WARN_SUSPICIOUS_MOVE = YES;
				CLANG_WARN_UNREACHABLE_CODE = YES;
				CLANG_WARN__DUPLICATE_METHOD_MATCH = YES;
				CODE_SIGN_IDENTITY = "-";
				COPY_PHASE_STRIP = NO;
				DEBUG_INFORMATION_FORMAT = "dwarf-with-dsym";
				ENABLE_NS_ASSERTIONS = NO;
				ENABLE_STRICT_OBJC_MSGSEND = YES;
				GCC_C_LANGUAGE_STANDARD = gnu99;
				GCC_NO_COMMON_BLOCKS = YES;
				GCC_WARN_64_TO_32_BIT_CONVERSION = YES;
				GCC_WARN_ABOUT_RETURN_TYPE = YES_ERROR;
				GCC_WARN_UNDECLARED_SELECTOR = YES;
				GCC_WARN_UNINITIALIZED_AUTOS = YES_AGGRESSIVE;
				GCC_WARN_UNUSED_FUNCTION = YES;
				GCC_WARN_UNUSED_VARIABLE = YES;
				MACOSX_DEPLOYMENT_TARGET = 10.13;
				MTL_ENABLE_DEBUG_INFO = NO;
				SDKROOT = macosx;
			};
			name = Release;
		};
		AA21A1BD2438A752004DD190 /* Debug */ = {
			isa = XCBuildConfiguration;
			buildSettings = {
				CODE_SIGN_IDENTITY = "-";
				GCC_PREPROCESSOR_DEFINITIONS = (
					"STANDALONE=1",
					"DEBUG=1",
				);
				MACOSX_DEPLOYMENT_TARGET = 10.12;
				PRODUCT_NAME = "$(TARGET_NAME)";
			};
			name = Debug;
		};
		AA21A1BE2438A752004DD190 /* Release */ = {
			isa = XCBuildConfiguration;
			buildSettings = {
				CODE_SIGN_IDENTITY = "-";
				GCC_PREPROCESSOR_DEFINITIONS = "STANDALONE=1";
				MACOSX_DEPLOYMENT_TARGET = 10.12;
				PRODUCT_NAME = "$(TARGET_NAME)";
			};
			name = Release;
		};
/* End XCBuildConfiguration section */

/* Begin XCConfigurationList section */
		AA21A1B02438A752004DD190 /* Build configuration list for PBXProject "MusicGB" */ = {
			isa = XCConfigurationList;
			buildConfigurations = (
				AA21A1BA2438A752004DD190 /* Debug */,
				AA21A1BB2438A752004DD190 /* Release */,
			);
			defaultConfigurationIsVisible = 0;
			defaultConfigurationName = Release;
		};
		AA21A1BC2438A752004DD190 /* Build configuration list for PBXNativeTarget "MusicGB" */ = {
			isa = XCConfigurationList;
			buildConfigurations = (
				AA21A1BD2438A752004DD190 /* Debug */,
				AA21A1BE2438A752004DD190 /* Release */,
			);
			defaultConfigurationIsVisible = 0;
			defaultConfigurationName = Release;
		};
/* End XCConfigurationList section */
	};
	rootObject = AA21A1AD2438A752004DD190 /* Project object */;
}
